
Microsoft Visual Studio Solution File, Format Version 12.00
# Visual Studio Version 17
VisualStudioVersion = 17.3.32901.215
MinimumVisualStudioVersion = 10.0.40219.1
Project("{9A19103F-16F7-4668-BE54-9A1E7A4F7556}") = "CallAutomation.Extensions", "CallAutomation.Extensions.csproj", "{7110FEAB-3075-4EA3-B21C-56961DC9B57E}"
EndProject
Global
	GlobalSection(SolutionConfigurationPlatforms) = preSolution
		Debug|Any CPU = Debug|Any CPU
		Release|Any CPU = Release|Any CPU
	EndGlobalSection
	GlobalSection(ProjectConfigurationPlatforms) = postSolution
		{7110FEAB-3075-4EA3-B21C-56961DC9B57E}.Debug|Any CPU.ActiveCfg = Debug|Any CPU
		{7110FEAB-3075-4EA3-B21C-56961DC9B57E}.Debug|Any CPU.Build.0 = Debug|Any CPU
		{7110FEAB-3075-4EA3-B21C-56961DC9B57E}.Release|Any CPU.ActiveCfg = Release|Any CPU
		{7110FEAB-3075-4EA3-B21C-56961DC9B57E}.Release|Any CPU.Build.0 = Release|Any CPU
	EndGlobalSection
	GlobalSection(SolutionProperties) = preSolution
		HideSolutionNode = FALSE
	EndGlobalSection
	GlobalSection(ExtensibilityGlobals) = postSolution
		SolutionGuid = {4207BF52-F414-4EC2-8E1B-E56FD748DD10}
	EndGlobalSection
EndGlobal
